
Microsoft Visual Studio Solution File, Format Version 12.00
# Visual Studio Version 16
VisualStudioVersion = 16.0.31129.286
MinimumVisualStudioVersion = 10.0.40219.1
Project("{FAE04EC0-301F-11D3-BF4B-00C04F79EFBC}") = "Ejercicio3", "Ejercicio3\Ejercicio3.csproj", "{B54D0AC8-9441-468B-9DBA-2632879EF418}"
EndProject
Global
	GlobalSection(SolutionConfigurationPlatforms) = preSolution
		Debug|Any CPU = Debug|Any CPU
		Release|Any CPU = Release|Any CPU
	EndGlobalSection
	GlobalSection(ProjectConfigurationPlatforms) = postSolution
		{B54D0AC8-9441-468B-9DBA-2632879EF418}.Debug|Any CPU.ActiveCfg = Debug|Any CPU
		{B54D0AC8-9441-468B-9DBA-2632879EF418}.Debug|Any CPU.Build.0 = Debug|Any CPU
		{B54D0AC8-9441-468B-9DBA-2632879EF418}.Release|Any CPU.ActiveCfg = Release|Any CPU
		{B54D0AC8-9441-468B-9DBA-2632879EF418}.Release|Any CPU.Build.0 = Release|Any CPU
	EndGlobalSection
	GlobalSection(SolutionProperties) = preSolution
		HideSolutionNode = FALSE
	EndGlobalSection
	GlobalSection(ExtensibilityGlobals) = postSolution
		SolutionGuid = {97BDCA8E-1DF6-4654-85DB-10D0CE556124}
	EndGlobalSection
EndGlobal
